# Generated by pub
# See https://dart.dev/tools/pub/glossary#lockfile
packages:
  base32:
    dependency: transitive
    description:
      name: base32
      sha256: ddad4ebfedf93d4500818ed8e61443b734ffe7cf8a45c668c9b34ef6adde02e2
      url: "https://pub.dev"
    source: hosted
    version: "2.1.3"
  collection:
    dependency: transitive
    description:
      name: collection
      sha256: "2f5709ae4d3d59dd8f7cd309b4e023046b57d8a6c82130785d2b0e5868084e76"
      url: "https://pub.dev"
    source: hosted
    version: "1.19.1"
  crypto:
    dependency: transitive
    description:
      name: crypto
      sha256: "1e445881f28f22d6140f181e07737b22f1e099a5e1ff94b0af2f9e4a463f4855"
      url: "https://pub.dev"
    source: hosted
    version: "3.0.6"
  hotp:
    dependency: transitive
    description:
      name: hotp
      sha256: "20bea17b3a2b4b9de741e369abafd0d387bf0aadbff2e9f69e8824cdbdce644a"
      url: "https://pub.dev"
    source: hosted
    version: "0.0.2"
  totp:
    dependency: "direct main"
    description:
      name: totp
      sha256: c0aa0933e2d8d33e7595110c9039502e591a211afec43412b2ca969e8a8ee23f
      url: "https://pub.dev"
    source: hosted
    version: "0.0.1"
  typed_data:
    dependency: transitive
    description:
      name: typed_data
      sha256: facc8d6582f16042dd49f2463ff1bd6e2c9ef9f3d5da3d9b087e244a7b564b3c
      url: "https://pub.dev"
    source: hosted
    version: "1.3.2"
sdks:
  dart: ">=3.4.0 <3.5.0"
